github.com/owlpinetech/flatsphere v0.0.1 h1:rSkNlKx/YNzw6QyZcQhDGuLoN2RJugxDoyeTRThHD7E=
github.com/owlpinetech/flatsphere v0.0.1/go.mod h1:Wc+2RhBlT09wCtZ1+Jc4CBYfUBnxs2vwSMaQRDFFWF8=
golang.org/x/exp v0.0.0-20230905200255-921286631fa9 h1:GoHiUyI/Tp2nVkLI2mCxVkOjsbSXD66ic0XW0js0R9g=
golang.org/x/exp v0.0.0-20230905200255-921286631fa9/go.mod h1:S2oDrQGGwySpoQPVqRShND87VCbxmc6bL1Yd2oYrm6k=
