github.com/owlpinetech/flatsphere v0.1.1 h1:R7QmdUFDfxsgzuAE+sWAKFhFF4s0fxaS7iWpD4DYL50=
github.com/owlpinetech/flatsphere v0.1.1/go.mod h1:gzHspWe/s3AuFniLlVB0WJEAkplcaKKbfej2/nG80tw=
golang.org/x/exp v0.0.0-20230905200255-921286631fa9 h1:GoHiUyI/Tp2nVkLI2mCxVkOjsbSXD66ic0XW0js0R9g=
golang.org/x/exp v0.0.0-20230905200255-921286631fa9/go.mod h1:S2oDrQGGwySpoQPVqRShND87VCbxmc6bL1Yd2oYrm6k=
golang.org/x/exp v0.0.0-20250718183923-645b1fa84792 h1:R9PFI6EUdfVKgwKjZef7QIwGcBKu86OEFpJ9nUEP2l4=
golang.org/x/exp v0.0.0-20250718183923-645b1fa84792/go.mod h1:A+z0yzpGtvnG90cToK5n2tu8UJVP2XUATh+r+sfOOOc=
